{
  "name": "node-red-contrib-libphonenumber",
  "version": "0.0.6",
  "lockfileVersion": 2,
  "requires": true,
  "packages": {
    "": {
      "name": "node-red-contrib-libphonenumber",
      "version": "0.0.6",
      "license": "MIT",
      "dependencies": {
        "google-libphonenumber": "^3.2.26"
      }
    },
    "node_modules/google-libphonenumber": {
      "version": "3.2.27",
      "resolved": "https://registry.npmjs.org/google-libphonenumber/-/google-libphonenumber-3.2.27.tgz",
      "integrity": "sha512-et3QlrfWemNPhyUfXZmJG8TfzitfAN71ygNI15+B35zNge/7vyZxkpDsc13oninkf8RAtN2kNEzvMr4L1n3vfQ==",
      "engines": {
        "node": ">=0.10"
      }
    }
  },
  "dependencies": {
    "google-libphonenumber": {
      "version": "3.2.27",
      "resolved": "https://registry.npmjs.org/google-libphonenumber/-/google-libphonenumber-3.2.27.tgz",
      "integrity": "sha512-et3QlrfWemNPhyUfXZmJG8TfzitfAN71ygNI15+B35zNge/7vyZxkpDsc13oninkf8RAtN2kNEzvMr4L1n3vfQ=="
    }
  }
}
